// !$*UTF8*$!
{
	archiveVersion = 1;
	classes = {
	};
	objectVersion = 77;
	objects = {

/* Begin PBXBuildFile section */
		452F84CC2FCEA06600697B5E /* Assignment.swift in Sources */ = {isa = PBXBuildFile; fileRef = 452F84A52FCEA06600697B5E /* Assignment.swift */; };
		452F84CD2FCEA06600697B5E /* Binary.swift in Sources */ = {isa = PBXBuildFile; fileRef = 452F84A62FCEA06600697B5E /* Binary.swift */; };
		452F84CE2FCEA06600697B5E /* Equality.swift in Sources */ = {isa = PBXBuildFile; fileRef = 452F84A72FCEA06600697B5E /* Equality.swift */; };
		452F84CF2FCEA06600697B5E /* Expression.swift in Sources */ = {isa = PBXBuildFile; fileRef = 452F84A82FCEA06600697B5E /* Expression.swift */; };
		452F84D02FCEA06600697B5E /* Extend.swift in Sources */ = {isa = PBXBuildFile; fileRef = 452F84A92FCEA06600697B5E /* Extend.swift */; };
		452F84D12FCEA06600697B5E /* Identifier.swift in Sources */ = {isa = PBXBuildFile; fileRef = 452F84AA2FCEA06600697B5E /* Identifier.swift */; };
		452F84D22FCEA06600697B5E /* LHS.swift in Sources */ = {isa = PBXBuildFile; fileRef = 452F84AB2FCEA06600697B5E /* LHS.swift */; };
		452F84D32FCEA06600697B5E /* Literal.swift in Sources */ = {isa = PBXBuildFile; fileRef = 452F84AC2FCEA06600697B5E /* Literal.swift */; };
		452F84D42FCEA06600697B5E /* Logical.swift in Sources */ = {isa = PBXBuildFile; fileRef = 452F84AD2FCEA06600697B5E /* Logical.swift */; };
		452F84D52FCEA06600697B5E /* New.swift in Sources */ = {isa = PBXBuildFile; fileRef = 452F84AE2FCEA06600697B5E /* New.swift */; };
		452F84D62FCEA06600697B5E /* Parenthesize.swift in Sources */ = {isa = PBXBuildFile; fileRef = 452F84AF2FCEA06600697B5E /* Parenthesize.swift */; };
		452F84D72FCEA06600697B5E /* Primary.swift in Sources */ = {isa = PBXBuildFile; fileRef = 452F84B02FCEA06600697B5E /* Primary.swift */; };
		452F84D82FCEA06600697B5E /* Relational.swift in Sources */ = {isa = PBXBuildFile; fileRef = 452F84B12FCEA06600697B5E /* Relational.swift */; };
		452F84D92FCEA06600697B5E /* Self.swift in Sources */ = {isa = PBXBuildFile; fileRef = 452F84B22FCEA06600697B5E /* Self.swift */; };
		452F84DA2FCEA06600697B5E /* Unary.swift in Sources */ = {isa = PBXBuildFile; fileRef = 452F84B32FCEA06600697B5E /* Unary.swift */; };
		452F84DB2FCEA06600697B5E /* Block.swift in Sources */ = {isa = PBXBuildFile; fileRef = 452F84B52FCEA06600697B5E /* Block.swift */; };
		452F84DC2FCEA06600697B5E /* Class.swift in Sources */ = {isa = PBXBuildFile; fileRef = 452F84B62FCEA06600697B5E /* Class.swift */; };
		452F84DD2FCEA06600697B5E /* Empty.swift in Sources */ = {isa = PBXBuildFile; fileRef = 452F84B72FCEA06600697B5E /* Empty.swift */; };
		452F84DE2FCEA06600697B5E /* ExpressionStatement.swift in Sources */ = {isa = PBXBuildFile; fileRef = 452F84B82FCEA06600697B5E /* ExpressionStatement.swift */; };
		452F84DF2FCEA06600697B5E /* Function.swift in Sources */ = {isa = PBXBuildFile; fileRef = 452F84B92FCEA06600697B5E /* Function.swift */; };
		452F84E02FCEA06600697B5E /* IF.swift in Sources */ = {isa = PBXBuildFile; fileRef = 452F84BA2FCEA06600697B5E /* IF.swift */; };
		452F84E12FCEA06600697B5E /* Loop.swift in Sources */ = {isa = PBXBuildFile; fileRef = 452F84BB2FCEA06600697B5E /* Loop.swift */; };
		452F84E22FCEA06600697B5E /* Statement.swift in Sources */ = {isa = PBXBuildFile; fileRef = 452F84BC2FCEA06600697B5E /* Statement.swift */; };
		452F84E32FCEA06600697B5E /* Variable.swift in Sources */ = {isa = PBXBuildFile; fileRef = 452F84BD2FCEA06600697B5E /* Variable.swift */; };
		452F84E42FCEA06600697B5E /* Node.swift in Sources */ = {isa = PBXBuildFile; fileRef = 452F84C12FCEA06600697B5E /* Node.swift */; };
		452F84E52FCEA06600697B5E /* Node+Debug.swift in Sources */ = {isa = PBXBuildFile; fileRef = 452F84C22FCEA06600697B5E /* Node+Debug.swift */; };
		452F84E62FCEA06600697B5E /* Parser.swift in Sources */ = {isa = PBXBuildFile; fileRef = 452F84C32FCEA06600697B5E /* Parser.swift */; };
		452F84E72FCEA06600697B5E /* Token.swift in Sources */ = {isa = PBXBuildFile; fileRef = 452F84C42FCEA06600697B5E /* Token.swift */; };
		452F84E82FCEA06600697B5E /* Tokenizer.swift in Sources */ = {isa = PBXBuildFile; fileRef = 452F84C52FCEA06600697B5E /* Tokenizer.swift */; };
		452F84E92FCEA06600697B5E /* ContentView.swift in Sources */ = {isa = PBXBuildFile; fileRef = 452F84C82FCEA06600697B5E /* ContentView.swift */; };
		452F84EA2FCEA06600697B5E /* VelaApp.swift in Sources */ = {isa = PBXBuildFile; fileRef = 452F84CA2FCEA06600697B5E /* VelaApp.swift */; };
		452F84ED2FCEA06600697B5E /* Assets.xcassets in Resources */ = {isa = PBXBuildFile; fileRef = 452F84C72FCEA06600697B5E /* Assets.xcassets */; };
		452F84F02FCEA08000697B5E /* Eval.swift in Sources */ = {isa = PBXBuildFile; fileRef = 452F84EF2FCEA07E00697B5E /* Eval.swift */; };
		452F84F22FCEA0A400697B5E /* EvalEnvironment.swift in Sources */ = {isa = PBXBuildFile; fileRef = 452F84F12FCEA0A000697B5E /* EvalEnvironment.swift */; };
		452F84F42FCEA0E700697B5E /* Eval+BinaryOps.swift in Sources */ = {isa = PBXBuildFile; fileRef = 452F84F32FCEA0DE00697B5E /* Eval+BinaryOps.swift */; };
		452F84F62FCEA23B00697B5E /* EvalError.swift in Sources */ = {isa = PBXBuildFile; fileRef = 452F84F52FCEA23A00697B5E /* EvalError.swift */; };
		452F84F82FCEA25100697B5E /* EvalRuntime.swift in Sources */ = {isa = PBXBuildFile; fileRef = 452F84F72FCEA24600697B5E /* EvalRuntime.swift */; };
		452F84FA2FCEA3C300697B5E /* Eval+Statement.swift in Sources */ = {isa = PBXBuildFile; fileRef = 452F84F92FCEA3BF00697B5E /* Eval+Statement.swift */; };
		452F84FC2FCEA44C00697B5E /* Eval+Expressions.swift in Sources */ = {isa = PBXBuildFile; fileRef = 452F84FB2FCEA44800697B5E /* Eval+Expressions.swift */; };
		452F84FE2FCEA60000697B5E /* ArrayLiteral.swift in Sources */ = {isa = PBXBuildFile; fileRef = 452F84FD2FCEA60000697B5E /* ArrayLiteral.swift */; };
		452F85012FCF000000697B5E /* DictionaryLiteral.swift in Sources */ = {isa = PBXBuildFile; fileRef = 452F85002FCF000000697B5E /* DictionaryLiteral.swift */; };
		452F850A2FCFE77900697B5E /* EvalRuntime+Value.swift in Sources */ = {isa = PBXBuildFile; fileRef = 452F85092FCFE77700697B5E /* EvalRuntime+Value.swift */; };
		452F850C2FD09E8E00697B5E /* Eval+LogicalOps.swift in Sources */ = {isa = PBXBuildFile; fileRef = 452F850B2FD09E8900697B5E /* Eval+LogicalOps.swift */; };
		452F850E2FD0B5B000697B5E /* EvalEnvironment+Builtins.swift in Sources */ = {isa = PBXBuildFile; fileRef = 452F850D2FD0B5B000697B5E /* EvalEnvironment+Builtins.swift */; };
		452F85102FD0CC2000697B5E /* EvalEnvironment+ArrayBuiltins.swift in Sources */ = {isa = PBXBuildFile; fileRef = 452F850F2FD0CC2000697B5E /* EvalEnvironment+ArrayBuiltins.swift */; };
		452F85122FD0CC2100697B5E /* EvalEnvironment+DictionaryBuiltins.swift in Sources */ = {isa = PBXBuildFile; fileRef = 452F85112FD0CC2100697B5E /* EvalEnvironment+DictionaryBuiltins.swift */; };
		452F851A2FD4A32500697B5E /* EvalEnvironment+StringBuiltins.swift in Sources */ = {isa = PBXBuildFile; fileRef = 452F85192FD4A31700697B5E /* EvalEnvironment+StringBuiltins.swift */; };
/* End PBXBuildFile section */

/* Begin PBXContainerItemProxy section */
		452F84422FCE6CD800697B5E /* PBXContainerItemProxy */ = {
			isa = PBXContainerItemProxy;
			containerPortal = 452F842B2FCE6CD700697B5E /* Project object */;
			proxyType = 1;
			remoteGlobalIDString = 452F84322FCE6CD700697B5E;
			remoteInfo = Vela;
		};
		452F844C2FCE6CD800697B5E /* PBXContainerItemProxy */ = {
			isa = PBXContainerItemProxy;
			containerPortal = 452F842B2FCE6CD700697B5E /* Project object */;
			proxyType = 1;
			remoteGlobalIDString = 452F84322FCE6CD700697B5E;
			remoteInfo = Vela;
		};
/* End PBXContainerItemProxy section */

/* Begin PBXFileReference section */
		452F84332FCE6CD700697B5E /* Vela.app */ = {isa = PBXFileReference; explicitFileType = wrapper.application; includeInIndex = 0; path = Vela.app; sourceTree = BUILT_PRODUCTS_DIR; };
		452F84412FCE6CD800697B5E /* VelaTests.xctest */ = {isa = PBXFileReference; explicitFileType = wrapper.cfbundle; includeInIndex = 0; path = VelaTests.xctest; sourceTree = BUILT_PRODUCTS_DIR; };
		452F844B2FCE6CD800697B5E /* VelaUITests.xctest */ = {isa = PBXFileReference; explicitFileType = wrapper.cfbundle; includeInIndex = 0; path = VelaUITests.xctest; sourceTree = BUILT_PRODUCTS_DIR; };
		452F84A52FCEA06600697B5E /* Assignment.swift */ = {isa = PBXFileReference; lastKnownFileType = sourcecode.swift; path = Assignment.swift; sourceTree = "<group>"; };
		452F84A62FCEA06600697B5E /* Binary.swift */ = {isa = PBXFileReference; lastKnownFileType = sourcecode.swift; path = Binary.swift; sourceTree = "<group>"; };
		452F84A72FCEA06600697B5E /* Equality.swift */ = {isa = PBXFileReference; lastKnownFileType = sourcecode.swift; path = Equality.swift; sourceTree = "<group>"; };
		452F84A82FCEA06600697B5E /* Expression.swift */ = {isa = PBXFileReference; lastKnownFileType = sourcecode.swift; path = Expression.swift; sourceTree = "<group>"; };
		452F84A92FCEA06600697B5E /* Extend.swift */ = {isa = PBXFileReference; lastKnownFileType = sourcecode.swift; path = Extend.swift; sourceTree = "<group>"; };
		452F84AA2FCEA06600697B5E /* Identifier.swift */ = {isa = PBXFileReference; lastKnownFileType = sourcecode.swift; path = Identifier.swift; sourceTree = "<group>"; };
		452F84AB2FCEA06600697B5E /* LHS.swift */ = {isa = PBXFileReference; lastKnownFileType = sourcecode.swift; path = LHS.swift; sourceTree = "<group>"; };
		452F84AC2FCEA06600697B5E /* Literal.swift */ = {isa = PBXFileReference; lastKnownFileType = sourcecode.swift; path = Literal.swift; sourceTree = "<group>"; };
		452F84AD2FCEA06600697B5E /* Logical.swift */ = {isa = PBXFileReference; lastKnownFileType = sourcecode.swift; path = Logical.swift; sourceTree = "<group>"; };
		452F84AE2FCEA06600697B5E /* New.swift */ = {isa = PBXFileReference; lastKnownFileType = sourcecode.swift; path = New.swift; sourceTree = "<group>"; };
		452F84AF2FCEA06600697B5E /* Parenthesize.swift */ = {isa = PBXFileReference; lastKnownFileType = sourcecode.swift; path = Parenthesize.swift; sourceTree = "<group>"; };
		452F84B02FCEA06600697B5E /* Primary.swift */ = {isa = PBXFileReference; lastKnownFileType = sourcecode.swift; path = Primary.swift; sourceTree = "<group>"; };
		452F84B12FCEA06600697B5E /* Relational.swift */ = {isa = PBXFileReference; lastKnownFileType = sourcecode.swift; path = Relational.swift; sourceTree = "<group>"; };
		452F84B22FCEA06600697B5E /* Self.swift */ = {isa = PBXFileReference; lastKnownFileType = sourcecode.swift; path = Self.swift; sourceTree = "<group>"; };
		452F84B32FCEA06600697B5E /* Unary.swift */ = {isa = PBXFileReference; lastKnownFileType = sourcecode.swift; path = Unary.swift; sourceTree = "<group>"; };
		452F84B52FCEA06600697B5E /* Block.swift */ = {isa = PBXFileReference; lastKnownFileType = sourcecode.swift; path = Block.swift; sourceTree = "<group>"; };
		452F84B62FCEA06600697B5E /* Class.swift */ = {isa = PBXFileReference; lastKnownFileType = sourcecode.swift; path = Class.swift; sourceTree = "<group>"; };
		452F84B72FCEA06600697B5E /* Empty.swift */ = {isa = PBXFileReference; lastKnownFileType = sourcecode.swift; path = Empty.swift; sourceTree = "<group>"; };
		452F84B82FCEA06600697B5E /* ExpressionStatement.swift */ = {isa = PBXFileReference; lastKnownFileType = sourcecode.swift; path = ExpressionStatement.swift; sourceTree = "<group>"; };
		452F84B92FCEA06600697B5E /* Function.swift */ = {isa = PBXFileReference; lastKnownFileType = sourcecode.swift; path = Function.swift; sourceTree = "<group>"; };
		452F84BA2FCEA06600697B5E /* IF.swift */ = {isa = PBXFileReference; lastKnownFileType = sourcecode.swift; path = IF.swift; sourceTree = "<group>"; };
		452F84BB2FCEA06600697B5E /* Loop.swift */ = {isa = PBXFileReference; lastKnownFileType = sourcecode.swift; path = Loop.swift; sourceTree = "<group>"; };
		452F84BC2FCEA06600697B5E /* Statement.swift */ = {isa = PBXFileReference; lastKnownFileType = sourcecode.swift; path = Statement.swift; sourceTree = "<group>"; };
		452F84BD2FCEA06600697B5E /* Variable.swift */ = {isa = PBXFileReference; lastKnownFileType = sourcecode.swift; path = Variable.swift; sourceTree = "<group>"; };
		452F84C12FCEA06600697B5E /* Node.swift */ = {isa = PBXFileReference; lastKnownFileType = sourcecode.swift; path = Node.swift; sourceTree = "<group>"; };
		452F84C22FCEA06600697B5E /* Node+Debug.swift */ = {isa = PBXFileReference; lastKnownFileType = sourcecode.swift; path = "Node+Debug.swift"; sourceTree = "<group>"; };
		452F84C32FCEA06600697B5E /* Parser.swift */ = {isa = PBXFileReference; lastKnownFileType = sourcecode.swift; path = Parser.swift; sourceTree = "<group>"; };
		452F84C42FCEA06600697B5E /* Token.swift */ = {isa = PBXFileReference; lastKnownFileType = sourcecode.swift; path = Token.swift; sourceTree = "<group>"; };
		452F84C52FCEA06600697B5E /* Tokenizer.swift */ = {isa = PBXFileReference; lastKnownFileType = sourcecode.swift; path = Tokenizer.swift; sourceTree = "<group>"; };
		452F84C72FCEA06600697B5E /* Assets.xcassets */ = {isa = PBXFileReference; lastKnownFileType = folder.assetcatalog; path = Assets.xcassets; sourceTree = "<group>"; };
		452F84C82FCEA06600697B5E /* ContentView.swift */ = {isa = PBXFileReference; lastKnownFileType = sourcecode.swift; path = ContentView.swift; sourceTree = "<group>"; };
		452F84C92FCEA06600697B5E /* Vela.entitlements */ = {isa = PBXFileReference; lastKnownFileType = text.plist.entitlements; path = Vela.entitlements; sourceTree = "<group>"; };
		452F84CA2FCEA06600697B5E /* VelaApp.swift */ = {isa = PBXFileReference; lastKnownFileType = sourcecode.swift; path = VelaApp.swift; sourceTree = "<group>"; };
		452F84EF2FCEA07E00697B5E /* Eval.swift */ = {isa = PBXFileReference; lastKnownFileType = sourcecode.swift; path = Eval.swift; sourceTree = "<group>"; };
		452F84F12FCEA0A000697B5E /* EvalEnvironment.swift */ = {isa = PBXFileReference; lastKnownFileType = sourcecode.swift; path = EvalEnvironment.swift; sourceTree = "<group>"; };
		452F84F32FCEA0DE00697B5E /* Eval+BinaryOps.swift */ = {isa = PBXFileReference; lastKnownFileType = sourcecode.swift; path = "Eval+BinaryOps.swift"; sourceTree = "<group>"; };
		452F84F52FCEA23A00697B5E /* EvalError.swift */ = {isa = PBXFileReference; lastKnownFileType = sourcecode.swift; path = EvalError.swift; sourceTree = "<group>"; };
		452F84F72FCEA24600697B5E /* EvalRuntime.swift */ = {isa = PBXFileReference; lastKnownFileType = sourcecode.swift; path = EvalRuntime.swift; sourceTree = "<group>"; };
		452F84F92FCEA3BF00697B5E /* Eval+Statement.swift */ = {isa = PBXFileReference; lastKnownFileType = sourcecode.swift; path = "Eval+Statement.swift"; sourceTree = "<group>"; };
		452F84FB2FCEA44800697B5E /* Eval+Expressions.swift */ = {isa = PBXFileReference; lastKnownFileType = sourcecode.swift; path = "Eval+Expressions.swift"; sourceTree = "<group>"; };
		452F84FD2FCEA60000697B5E /* ArrayLiteral.swift */ = {isa = PBXFileReference; lastKnownFileType = sourcecode.swift; path = ArrayLiteral.swift; sourceTree = "<group>"; };
		452F85002FCF000000697B5E /* DictionaryLiteral.swift */ = {isa = PBXFileReference; lastKnownFileType = sourcecode.swift; path = DictionaryLiteral.swift; sourceTree = "<group>"; };
		452F85092FCFE77700697B5E /* EvalRuntime+Value.swift */ = {isa = PBXFileReference; lastKnownFileType = sourcecode.swift; path = "EvalRuntime+Value.swift"; sourceTree = "<group>"; };
		452F850B2FD09E8900697B5E /* Eval+LogicalOps.swift */ = {isa = PBXFileReference; lastKnownFileType = sourcecode.swift; path = "Eval+LogicalOps.swift"; sourceTree = "<group>"; };
		452F850D2FD0B5B000697B5E /* EvalEnvironment+Builtins.swift */ = {isa = PBXFileReference; lastKnownFileType = sourcecode.swift; path = "EvalEnvironment+Builtins.swift"; sourceTree = "<group>"; };
		452F850F2FD0CC2000697B5E /* EvalEnvironment+ArrayBuiltins.swift */ = {isa = PBXFileReference; lastKnownFileType = sourcecode.swift; path = "EvalEnvironment+ArrayBuiltins.swift"; sourceTree = "<group>"; };
		452F85112FD0CC2100697B5E /* EvalEnvironment+DictionaryBuiltins.swift */ = {isa = PBXFileReference; lastKnownFileType = sourcecode.swift; path = "EvalEnvironment+DictionaryBuiltins.swift"; sourceTree = "<group>"; };
		452F85192FD4A31700697B5E /* EvalEnvironment+StringBuiltins.swift */ = {isa = PBXFileReference; lastKnownFileType = sourcecode.swift; path = "EvalEnvironment+StringBuiltins.swift"; sourceTree = "<group>"; };
/* End PBXFileReference section */

/* Begin PBXFileSystemSynchronizedRootGroup section */
		452F84442FCE6CD800697B5E /* VelaTests */ = {
			isa = PBXFileSystemSynchronizedRootGroup;
			path = VelaTests;
			sourceTree = "<group>";
		};
/* End PBXFileSystemSynchronizedRootGroup section */

/* Begin PBXFrameworksBuildPhase section */
		452F84302FCE6CD700697B5E /* Frameworks */ = {
			isa = PBXFrameworksBuildPhase;
			buildActionMask = 2147483647;
			files = (
			);
			runOnlyForDeploymentPostprocessing = 0;
		};
		452F843E2FCE6CD800697B5E /* Frameworks */ = {
			isa = PBXFrameworksBuildPhase;
			buildActionMask = 2147483647;
			files = (
			);
			runOnlyForDeploymentPostprocessing = 0;
		};
		452F84482FCE6CD800697B5E /* Frameworks */ = {
			isa = PBXFrameworksBuildPhase;
			buildActionMask = 2147483647;
			files = (
			);
			runOnlyForDeploymentPostprocessing = 0;
		};
/* End PBXFrameworksBuildPhase section */

/* Begin PBXGroup section */
		452F842A2FCE6CD700697B5E = {
			isa = PBXGroup;
			children = (
				452F84CB2FCEA06600697B5E /* Vela */,
				452F84442FCE6CD800697B5E /* VelaTests */,
				452F84342FCE6CD700697B5E /* Products */,
			);
			sourceTree = "<group>";
		};
		452F84342FCE6CD700697B5E /* Products */ = {
			isa = PBXGroup;
			children = (
				452F84332FCE6CD700697B5E /* Vela.app */,
				452F84412FCE6CD800697B5E /* VelaTests.xctest */,
				452F844B2FCE6CD800697B5E /* VelaUITests.xctest */,
			);
			name = Products;
			sourceTree = "<group>";
		};
		452F84B42FCEA06600697B5E /* Expressions */ = {
			isa = PBXGroup;
			children = (
				452F84FD2FCEA60000697B5E /* ArrayLiteral.swift */,
				452F84A52FCEA06600697B5E /* Assignment.swift */,
				452F84A62FCEA06600697B5E /* Binary.swift */,
				452F85002FCF000000697B5E /* DictionaryLiteral.swift */,
				452F84A72FCEA06600697B5E /* Equality.swift */,
				452F84A82FCEA06600697B5E /* Expression.swift */,
				452F84A92FCEA06600697B5E /* Extend.swift */,
				452F84AA2FCEA06600697B5E /* Identifier.swift */,
				452F84AB2FCEA06600697B5E /* LHS.swift */,
				452F84AC2FCEA06600697B5E /* Literal.swift */,
				452F84AD2FCEA06600697B5E /* Logical.swift */,
				452F84AE2FCEA06600697B5E /* New.swift */,
				452F84AF2FCEA06600697B5E /* Parenthesize.swift */,
				452F84B02FCEA06600697B5E /* Primary.swift */,
				452F84B12FCEA06600697B5E /* Relational.swift */,
				452F84B22FCEA06600697B5E /* Self.swift */,
				452F84B32FCEA06600697B5E /* Unary.swift */,
			);
			path = Expressions;
			sourceTree = "<group>";
		};
		452F84BE2FCEA06600697B5E /* Statement */ = {
			isa = PBXGroup;
			children = (
				452F84B52FCEA06600697B5E /* Block.swift */,
				452F84B62FCEA06600697B5E /* Class.swift */,
				452F84B72FCEA06600697B5E /* Empty.swift */,
				452F84B82FCEA06600697B5E /* ExpressionStatement.swift */,
				452F84B92FCEA06600697B5E /* Function.swift */,
				452F84BA2FCEA06600697B5E /* IF.swift */,
				452F84BB2FCEA06600697B5E /* Loop.swift */,
				452F84BC2FCEA06600697B5E /* Statement.swift */,
				452F84BD2FCEA06600697B5E /* Variable.swift */,
			);
			path = Statement;
			sourceTree = "<group>";
		};
		452F84C62FCEA06600697B5E /* Parser */ = {
			isa = PBXGroup;
			children = (
				452F84B42FCEA06600697B5E /* Expressions */,
				452F84BE2FCEA06600697B5E /* Statement */,
				452F84C12FCEA06600697B5E /* Node.swift */,
				452F84C22FCEA06600697B5E /* Node+Debug.swift */,
				452F84C32FCEA06600697B5E /* Parser.swift */,
				452F84C42FCEA06600697B5E /* Token.swift */,
				452F84C52FCEA06600697B5E /* Tokenizer.swift */,
			);
			path = Parser;
			sourceTree = "<group>";
		};
		452F84CB2FCEA06600697B5E /* Vela */ = {
			isa = PBXGroup;
			children = (
				452F84EE2FCEA07600697B5E /* Eval */,
				452F84C62FCEA06600697B5E /* Parser */,
				452F84C72FCEA06600697B5E /* Assets.xcassets */,
				452F84C82FCEA06600697B5E /* ContentView.swift */,
				452F84C92FCEA06600697B5E /* Vela.entitlements */,
				452F84CA2FCEA06600697B5E /* VelaApp.swift */,
			);
			path = Vela;
			sourceTree = "<group>";
		};
		452F84EE2FCEA07600697B5E /* Eval */ = {
			isa = PBXGroup;
			children = (
				452F84EF2FCEA07E00697B5E /* Eval.swift */,
				452F84F72FCEA24600697B5E /* EvalRuntime.swift */,
				452F85092FCFE77700697B5E /* EvalRuntime+Value.swift */,
				452F84F52FCEA23A00697B5E /* EvalError.swift */,
				452F84F12FCEA0A000697B5E /* EvalEnvironment.swift */,
				452F850D2FD0B5B000697B5E /* EvalEnvironment+Builtins.swift */,
				452F850F2FD0CC2000697B5E /* EvalEnvironment+ArrayBuiltins.swift */,
				452F85112FD0CC2100697B5E /* EvalEnvironment+DictionaryBuiltins.swift */,
				452F85192FD4A31700697B5E /* EvalEnvironment+StringBuiltins.swift */,
				452F84F32FCEA0DE00697B5E /* Eval+BinaryOps.swift */,
				452F850B2FD09E8900697B5E /* Eval+LogicalOps.swift */,
				452F84FB2FCEA44800697B5E /* Eval+Expressions.swift */,
				452F84F92FCEA3BF00697B5E /* Eval+Statement.swift */,
			);
			path = Eval;
			sourceTree = "<group>";
		};
/* End PBXGroup section */

/* Begin PBXNativeTarget section */
		452F84322FCE6CD700697B5E /* Vela */ = {
			isa = PBXNativeTarget;
			buildConfigurationList = 452F84552FCE6CD800697B5E /* Build configuration list for PBXNativeTarget "Vela" */;
			buildPhases = (
				452F842F2FCE6CD700697B5E /* Sources */,
				452F84302FCE6CD700697B5E /* Frameworks */,
				452F84312FCE6CD700697B5E /* Resources */,
			);
			buildRules = (
			);
			dependencies = (
			);
			name = Vela;
			packageProductDependencies = (
			);
			productName = Vela;
			productReference = 452F84332FCE6CD700697B5E /* Vela.app */;
			productType = "com.apple.product-type.application";
		};
		452F84402FCE6CD800697B5E /* VelaTests */ = {
			isa = PBXNativeTarget;
			buildConfigurationList = 452F84582FCE6CD800697B5E /* Build configuration list for PBXNativeTarget "VelaTests" */;
			buildPhases = (
				452F843D2FCE6CD800697B5E /* Sources */,
				452F843E2FCE6CD800697B5E /* Frameworks */,
				452F843F2FCE6CD800697B5E /* Resources */,
			);
			buildRules = (
			);
			dependencies = (
				452F84432FCE6CD800697B5E /* PBXTargetDependency */,
			);
			fileSystemSynchronizedGroups = (
				452F84442FCE6CD800697B5E /* VelaTests */,
			);
			name = VelaTests;
			packageProductDependencies = (
			);
			productName = VelaTests;
			productReference = 452F84412FCE6CD800697B5E /* VelaTests.xctest */;
			productType = "com.apple.product-type.bundle.unit-test";
		};
		452F844A2FCE6CD800697B5E /* VelaUITests */ = {
			isa = PBXNativeTarget;
			buildConfigurationList = 452F845B2FCE6CD800697B5E /* Build configuration list for PBXNativeTarget "VelaUITests" */;
			buildPhases = (
				452F84472FCE6CD800697B5E /* Sources */,
				452F84482FCE6CD800697B5E /* Frameworks */,
				452F84492FCE6CD800697B5E /* Resources */,
			);
			buildRules = (
			);
			dependencies = (
				452F844D2FCE6CD800697B5E /* PBXTargetDependency */,
			);
			name = VelaUITests;
			packageProductDependencies = (
			);
			productName = VelaUITests;
			productReference = 452F844B2FCE6CD800697B5E /* VelaUITests.xctest */;
			productType = "com.apple.product-type.bundle.ui-testing";
		};
/* End PBXNativeTarget section */

/* Begin PBXProject section */
		452F842B2FCE6CD700697B5E /* Project object */ = {
			isa = PBXProject;
			attributes = {
				BuildIndependentTargetsInParallel = 1;
				LastSwiftUpdateCheck = 1640;
				LastUpgradeCheck = 1640;
				TargetAttributes = {
					452F84322FCE6CD700697B5E = {
						CreatedOnToolsVersion = 16.4;
					};
					452F84402FCE6CD800697B5E = {
						CreatedOnToolsVersion = 16.4;
						TestTargetID = 452F84322FCE6CD700697B5E;
					};
					452F844A2FCE6CD800697B5E = {
						CreatedOnToolsVersion = 16.4;
						TestTargetID = 452F84322FCE6CD700697B5E;
					};
				};
			};
			buildConfigurationList = 452F842E2FCE6CD700697B5E /* Build configuration list for PBXProject "Vela" */;
			developmentRegion = en;
			hasScannedForEncodings = 0;
			knownRegions = (
				en,
				Base,
			);
			mainGroup = 452F842A2FCE6CD700697B5E;
			minimizedProjectReferenceProxies = 1;
			preferredProjectObjectVersion = 77;
			productRefGroup = 452F84342FCE6CD700697B5E /* Products */;
			projectDirPath = "";
			projectRoot = "";
			targets = (
				452F84322FCE6CD700697B5E /* Vela */,
				452F84402FCE6CD800697B5E /* VelaTests */,
				452F844A2FCE6CD800697B5E /* VelaUITests */,
			);
		};
/* End PBXProject section */

/* Begin PBXResourcesBuildPhase section */
		452F84312FCE6CD700697B5E /* Resources */ = {
			isa = PBXResourcesBuildPhase;
			buildActionMask = 2147483647;
			files = (
				452F84ED2FCEA06600697B5E /* Assets.xcassets in Resources */,
			);
			runOnlyForDeploymentPostprocessing = 0;
		};
		452F843F2FCE6CD800697B5E /* Resources */ = {
			isa = PBXResourcesBuildPhase;
			buildActionMask = 2147483647;
			files = (
			);
			runOnlyForDeploymentPostprocessing = 0;
		};
		452F84492FCE6CD800697B5E /* Resources */ = {
			isa = PBXResourcesBuildPhase;
			buildActionMask = 2147483647;
			files = (
			);
			runOnlyForDeploymentPostprocessing = 0;
		};
/* End PBXResourcesBuildPhase section */

/* Begin PBXSourcesBuildPhase section */
		452F842F2FCE6CD700697B5E /* Sources */ = {
			isa = PBXSourcesBuildPhase;
			buildActionMask = 2147483647;
			files = (
				452F84CC2FCEA06600697B5E /* Assignment.swift in Sources */,
				452F84CD2FCEA06600697B5E /* Binary.swift in Sources */,
				452F84CE2FCEA06600697B5E /* Equality.swift in Sources */,
				452F84CF2FCEA06600697B5E /* Expression.swift in Sources */,
				452F84D02FCEA06600697B5E /* Extend.swift in Sources */,
				452F84D12FCEA06600697B5E /* Identifier.swift in Sources */,
				452F84D22FCEA06600697B5E /* LHS.swift in Sources */,
				452F84F22FCEA0A400697B5E /* EvalEnvironment.swift in Sources */,
				452F850E2FD0B5B000697B5E /* EvalEnvironment+Builtins.swift in Sources */,
				452F85102FD0CC2000697B5E /* EvalEnvironment+ArrayBuiltins.swift in Sources */,
				452F85122FD0CC2100697B5E /* EvalEnvironment+DictionaryBuiltins.swift in Sources */,
				452F84D32FCEA06600697B5E /* Literal.swift in Sources */,
				452F84D42FCEA06600697B5E /* Logical.swift in Sources */,
				452F84D52FCEA06600697B5E /* New.swift in Sources */,
				452F84D62FCEA06600697B5E /* Parenthesize.swift in Sources */,
				452F84D72FCEA06600697B5E /* Primary.swift in Sources */,
				452F84FE2FCEA60000697B5E /* ArrayLiteral.swift in Sources */,
				452F85012FCF000000697B5E /* DictionaryLiteral.swift in Sources */,
				452F84D82FCEA06600697B5E /* Relational.swift in Sources */,
				452F84F02FCEA08000697B5E /* Eval.swift in Sources */,
				452F84D92FCEA06600697B5E /* Self.swift in Sources */,
				452F84DA2FCEA06600697B5E /* Unary.swift in Sources */,
				452F84DB2FCEA06600697B5E /* Block.swift in Sources */,
				452F84DC2FCEA06600697B5E /* Class.swift in Sources */,
				452F84DD2FCEA06600697B5E /* Empty.swift in Sources */,
				452F84DE2FCEA06600697B5E /* ExpressionStatement.swift in Sources */,
				452F84DF2FCEA06600697B5E /* Function.swift in Sources */,
				452F84FA2FCEA3C300697B5E /* Eval+Statement.swift in Sources */,
				452F84FC2FCEA44C00697B5E /* Eval+Expressions.swift in Sources */,
				452F84E02FCEA06600697B5E /* IF.swift in Sources */,
				452F84E12FCEA06600697B5E /* Loop.swift in Sources */,
				452F84E22FCEA06600697B5E /* Statement.swift in Sources */,
				452F84E32FCEA06600697B5E /* Variable.swift in Sources */,
				452F84E42FCEA06600697B5E /* Node.swift in Sources */,
				452F84E52FCEA06600697B5E /* Node+Debug.swift in Sources */,
				452F84E62FCEA06600697B5E /* Parser.swift in Sources */,
				452F851A2FD4A32500697B5E /* EvalEnvironment+StringBuiltins.swift in Sources */,
				452F84E72FCEA06600697B5E /* Token.swift in Sources */,
				452F850C2FD09E8E00697B5E /* Eval+LogicalOps.swift in Sources */,
				452F84F82FCEA25100697B5E /* EvalRuntime.swift in Sources */,
				452F850A2FCFE77900697B5E /* EvalRuntime+Value.swift in Sources */,
				452F84E82FCEA06600697B5E /* Tokenizer.swift in Sources */,
				452F84E92FCEA06600697B5E /* ContentView.swift in Sources */,
				452F84F42FCEA0E700697B5E /* Eval+BinaryOps.swift in Sources */,
				452F84F62FCEA23B00697B5E /* EvalError.swift in Sources */,
				452F84EA2FCEA06600697B5E /* VelaApp.swift in Sources */,
			);
			runOnlyForDeploymentPostprocessing = 0;
		};
		452F843D2FCE6CD800697B5E /* Sources */ = {
			isa = PBXSourcesBuildPhase;
			buildActionMask = 2147483647;
			files = (
			);
			runOnlyForDeploymentPostprocessing = 0;
		};
		452F84472FCE6CD800697B5E /* Sources */ = {
			isa = PBXSourcesBuildPhase;
			buildActionMask = 2147483647;
			files = (
			);
			runOnlyForDeploymentPostprocessing = 0;
		};
/* End PBXSourcesBuildPhase section */

/* Begin PBXTargetDependency section */
		452F84432FCE6CD800697B5E /* PBXTargetDependency */ = {
			isa = PBXTargetDependency;
			target = 452F84322FCE6CD700697B5E /* Vela */;
			targetProxy = 452F84422FCE6CD800697B5E /* PBXContainerItemProxy */;
		};
		452F844D2FCE6CD800697B5E /* PBXTargetDependency */ = {
			isa = PBXTargetDependency;
			target = 452F84322FCE6CD700697B5E /* Vela */;
			targetProxy = 452F844C2FCE6CD800697B5E /* PBXContainerItemProxy */;
		};
/* End PBXTargetDependency section */

/* Begin XCBuildConfiguration section */
		452F84532FCE6CD800697B5E /* Debug */ = {
			isa = XCBuildConfiguration;
			buildSettings = {
				ALWAYS_SEARCH_USER_PATHS = NO;
				ASSETCATALOG_COMPILER_GENERATE_SWIFT_ASSET_SYMBOL_EXTENSIONS = YES;
				CLANG_ANALYZER_NONNULL = YES;
				CLANG_ANALYZER_NUMBER_OBJECT_CONVERSION = YES_AGGRESSIVE;
				CLANG_CXX_LANGUAGE_STANDARD = "gnu++20";
				CLANG_ENABLE_MODULES = YES;
				CLANG_ENABLE_OBJC_ARC = YES;
				CLANG_ENABLE_OBJC_WEAK = YES;
				CLANG_WARN_BLOCK_CAPTURE_AUTORELEASING = YES;
				CLANG_WARN_BOOL_CONVERSION = YES;
				CLANG_WARN_COMMA = YES;
				CLANG_WARN_CONSTANT_CONVERSION = YES;
				CLANG_WARN_DEPRECATED_OBJC_IMPLEMENTATIONS = YES;
				CLANG_WARN_DIRECT_OBJC_ISA_USAGE = YES_ERROR;
				CLANG_WARN_DOCUMENTATION_COMMENTS = YES;
				CLANG_WARN_EMPTY_BODY = YES;
				CLANG_WARN_ENUM_CONVERSION = YES;
				CLANG_WARN_INFINITE_RECURSION = YES;
				CLANG_WARN_INT_CONVERSION = YES;
				CLANG_WARN_NON_LITERAL_NULL_CONVERSION = YES;
				CLANG_WARN_OBJC_IMPLICIT_RETAIN_SELF = YES;
				CLANG_WARN_OBJC_LITERAL_CONVERSION = YES;
				CLANG_WARN_OBJC_ROOT_CLASS = YES_ERROR;
				CLANG_WARN_QUOTED_INCLUDE_IN_FRAMEWORK_HEADER = YES;
				CLANG_WARN_RANGE_LOOP_ANALYSIS = YES;
				CLANG_WARN_STRICT_PROTOTYPES = YES;
				CLANG_WARN_SUSPICIOUS_MOVE = YES;
				CLANG_WARN_UNGUARDED_AVAILABILITY = YES_AGGRESSIVE;
				CLANG_WARN_UNREACHABLE_CODE = YES;
				CLANG_WARN__DUPLICATE_METHOD_MATCH = YES;
				COPY_PHASE_STRIP = NO;
				DEBUG_INFORMATION_FORMAT = dwarf;
				ENABLE_STRICT_OBJC_MSGSEND = YES;
				ENABLE_TESTABILITY = YES;
				ENABLE_USER_SCRIPT_SANDBOXING = YES;
				GCC_C_LANGUAGE_STANDARD = gnu17;
				GCC_DYNAMIC_NO_PIC = NO;
				GCC_NO_COMMON_BLOCKS = YES;
				GCC_OPTIMIZATION_LEVEL = 0;
				GCC_PREPROCESSOR_DEFINITIONS = (
					"DEBUG=1",
					"$(inherited)",
				);
				GCC_WARN_64_TO_32_BIT_CONVERSION = YES;
				GCC_WARN_ABOUT_RETURN_TYPE = YES_ERROR;
				GCC_WARN_UNDECLARED_SELECTOR = YES;
				GCC_WARN_UNINITIALIZED_AUTOS = YES_AGGRESSIVE;
				GCC_WARN_UNUSED_FUNCTION = YES;
				GCC_WARN_UNUSED_VARIABLE = YES;
				LOCALIZATION_PREFERS_STRING_CATALOGS = YES;
				MACOSX_DEPLOYMENT_TARGET = 15.5;
				MTL_ENABLE_DEBUG_INFO = INCLUDE_SOURCE;
				MTL_FAST_MATH = YES;
				ONLY_ACTIVE_ARCH = YES;
				SDKROOT = macosx;
				SWIFT_ACTIVE_COMPILATION_CONDITIONS = "DEBUG $(inherited)";
				SWIFT_OPTIMIZATION_LEVEL = "-Onone";
			};
			name = Debug;
		};
		452F84542FCE6CD800697B5E /* Release */ = {
			isa = XCBuildConfiguration;
			buildSettings = {
				ALWAYS_SEARCH_USER_PATHS = NO;
				ASSETCATALOG_COMPILER_GENERATE_SWIFT_ASSET_SYMBOL_EXTENSIONS = YES;
				CLANG_ANALYZER_NONNULL = YES;
				CLANG_ANALYZER_NUMBER_OBJECT_CONVERSION = YES_AGGRESSIVE;
				CLANG_CXX_LANGUAGE_STANDARD = "gnu++20";
				CLANG_ENABLE_MODULES = YES;
				CLANG_ENABLE_OBJC_ARC = YES;
				CLANG_ENABLE_OBJC_WEAK = YES;
				CLANG_WARN_BLOCK_CAPTURE_AUTORELEASING = YES;
				CLANG_WARN_BOOL_CONVERSION = YES;
				CLANG_WARN_COMMA = YES;
				CLANG_WARN_CONSTANT_CONVERSION = YES;
				CLANG_WARN_DEPRECATED_OBJC_IMPLEMENTATIONS = YES;
				CLANG_WARN_DIRECT_OBJC_ISA_USAGE = YES_ERROR;
				CLANG_WARN_DOCUMENTATION_COMMENTS = YES;
				CLANG_WARN_EMPTY_BODY = YES;
				CLANG_WARN_ENUM_CONVERSION = YES;
				CLANG_WARN_INFINITE_RECURSION = YES;
				CLANG_WARN_INT_CONVERSION = YES;
				CLANG_WARN_NON_LITERAL_NULL_CONVERSION = YES;
				CLANG_WARN_OBJC_IMPLICIT_RETAIN_SELF = YES;
				CLANG_WARN_OBJC_LITERAL_CONVERSION = YES;
				CLANG_WARN_OBJC_ROOT_CLASS = YES_ERROR;
				CLANG_WARN_QUOTED_INCLUDE_IN_FRAMEWORK_HEADER = YES;
				CLANG_WARN_RANGE_LOOP_ANALYSIS = YES;
				CLANG_WARN_STRICT_PROTOTYPES = YES;
				CLANG_WARN_SUSPICIOUS_MOVE = YES;
				CLANG_WARN_UNGUARDED_AVAILABILITY = YES_AGGRESSIVE;
				CLANG_WARN_UNREACHABLE_CODE = YES;
				CLANG_WARN__DUPLICATE_METHOD_MATCH = YES;
				COPY_PHASE_STRIP = NO;
				DEBUG_INFORMATION_FORMAT = "dwarf-with-dsym";
				ENABLE_NS_ASSERTIONS = NO;
				ENABLE_STRICT_OBJC_MSGSEND = YES;
				ENABLE_USER_SCRIPT_SANDBOXING = YES;
				GCC_C_LANGUAGE_STANDARD = gnu17;
				GCC_NO_COMMON_BLOCKS = YES;
				GCC_WARN_64_TO_32_BIT_CONVERSION = YES;
				GCC_WARN_ABOUT_RETURN_TYPE = YES_ERROR;
				GCC_WARN_UNDECLARED_SELECTOR = YES;
				GCC_WARN_UNINITIALIZED_AUTOS = YES_AGGRESSIVE;
				GCC_WARN_UNUSED_FUNCTION = YES;
				GCC_WARN_UNUSED_VARIABLE = YES;
				LOCALIZATION_PREFERS_STRING_CATALOGS = YES;
				MACOSX_DEPLOYMENT_TARGET = 15.5;
				MTL_ENABLE_DEBUG_INFO = NO;
				MTL_FAST_MATH = YES;
				SDKROOT = macosx;
				SWIFT_COMPILATION_MODE = wholemodule;
			};
			name = Release;
		};
		452F84562FCE6CD800697B5E /* Debug */ = {
			isa = XCBuildConfiguration;
			buildSettings = {
				ASSETCATALOG_COMPILER_APPICON_NAME = AppIcon;
				ASSETCATALOG_COMPILER_GLOBAL_ACCENT_COLOR_NAME = AccentColor;
				CODE_SIGN_ENTITLEMENTS = Vela/Vela.entitlements;
				CODE_SIGN_STYLE = Automatic;
				COMBINE_HIDPI_IMAGES = YES;
				CURRENT_PROJECT_VERSION = 1;
				ENABLE_PREVIEWS = YES;
				GENERATE_INFOPLIST_FILE = YES;
				INFOPLIST_KEY_NSHumanReadableCopyright = "";
				LD_RUNPATH_SEARCH_PATHS = (
					"$(inherited)",
					"@executable_path/../Frameworks",
				);
				MARKETING_VERSION = 1.0;
				PRODUCT_BUNDLE_IDENTIFIER = com.taox.Vela;
				PRODUCT_NAME = "$(TARGET_NAME)";
				REGISTER_APP_GROUPS = YES;
				SWIFT_EMIT_LOC_STRINGS = YES;
				SWIFT_VERSION = 5.0;
			};
			name = Debug;
		};
		452F84572FCE6CD800697B5E /* Release */ = {
			isa = XCBuildConfiguration;
			buildSettings = {
				ASSETCATALOG_COMPILER_APPICON_NAME = AppIcon;
				ASSETCATALOG_COMPILER_GLOBAL_ACCENT_COLOR_NAME = AccentColor;
				CODE_SIGN_ENTITLEMENTS = Vela/Vela.entitlements;
				CODE_SIGN_STYLE = Automatic;
				COMBINE_HIDPI_IMAGES = YES;
				CURRENT_PROJECT_VERSION = 1;
				ENABLE_PREVIEWS = YES;
				GENERATE_INFOPLIST_FILE = YES;
				INFOPLIST_KEY_NSHumanReadableCopyright = "";
				LD_RUNPATH_SEARCH_PATHS = (
					"$(inherited)",
					"@executable_path/../Frameworks",
				);
				MARKETING_VERSION = 1.0;
				PRODUCT_BUNDLE_IDENTIFIER = com.taox.Vela;
				PRODUCT_NAME = "$(TARGET_NAME)";
				REGISTER_APP_GROUPS = YES;
				SWIFT_EMIT_LOC_STRINGS = YES;
				SWIFT_VERSION = 5.0;
			};
			name = Release;
		};
		452F84592FCE6CD800697B5E /* Debug */ = {
			isa = XCBuildConfiguration;
			buildSettings = {
				BUNDLE_LOADER = "$(TEST_HOST)";
				CODE_SIGN_STYLE = Automatic;
				CURRENT_PROJECT_VERSION = 1;
				GENERATE_INFOPLIST_FILE = YES;
				MACOSX_DEPLOYMENT_TARGET = 15.5;
				MARKETING_VERSION = 1.0;
				PRODUCT_BUNDLE_IDENTIFIER = com.taox.VelaTests;
				PRODUCT_NAME = "$(TARGET_NAME)";
				SWIFT_EMIT_LOC_STRINGS = NO;
				SWIFT_VERSION = 5.0;
				TEST_HOST = "$(BUILT_PRODUCTS_DIR)/Vela.app/$(BUNDLE_EXECUTABLE_FOLDER_PATH)/Vela";
			};
			name = Debug;
		};
		452F845A2FCE6CD800697B5E /* Release */ = {
			isa = XCBuildConfiguration;
			buildSettings = {
				BUNDLE_LOADER = "$(TEST_HOST)";
				CODE_SIGN_STYLE = Automatic;
				CURRENT_PROJECT_VERSION = 1;
				GENERATE_INFOPLIST_FILE = YES;
				MACOSX_DEPLOYMENT_TARGET = 15.5;
				MARKETING_VERSION = 1.0;
				PRODUCT_BUNDLE_IDENTIFIER = com.taox.VelaTests;
				PRODUCT_NAME = "$(TARGET_NAME)";
				SWIFT_EMIT_LOC_STRINGS = NO;
				SWIFT_VERSION = 5.0;
				TEST_HOST = "$(BUILT_PRODUCTS_DIR)/Vela.app/$(BUNDLE_EXECUTABLE_FOLDER_PATH)/Vela";
			};
			name = Release;
		};
		452F845C2FCE6CD800697B5E /* Debug */ = {
			isa = XCBuildConfiguration;
			buildSettings = {
				CODE_SIGN_STYLE = Automatic;
				CURRENT_PROJECT_VERSION = 1;
				GENERATE_INFOPLIST_FILE = YES;
				MARKETING_VERSION = 1.0;
				PRODUCT_BUNDLE_IDENTIFIER = com.taox.VelaUITests;
				PRODUCT_NAME = "$(TARGET_NAME)";
				SWIFT_EMIT_LOC_STRINGS = NO;
				SWIFT_VERSION = 5.0;
				TEST_TARGET_NAME = Vela;
			};
			name = Debug;
		};
		452F845D2FCE6CD800697B5E /* Release */ = {
			isa = XCBuildConfiguration;
			buildSettings = {
				CODE_SIGN_STYLE = Automatic;
				CURRENT_PROJECT_VERSION = 1;
				GENERATE_INFOPLIST_FILE = YES;
				MARKETING_VERSION = 1.0;
				PRODUCT_BUNDLE_IDENTIFIER = com.taox.VelaUITests;
				PRODUCT_NAME = "$(TARGET_NAME)";
				SWIFT_EMIT_LOC_STRINGS = NO;
				SWIFT_VERSION = 5.0;
				TEST_TARGET_NAME = Vela;
			};
			name = Release;
		};
/* End XCBuildConfiguration section */

/* Begin XCConfigurationList section */
		452F842E2FCE6CD700697B5E /* Build configuration list for PBXProject "Vela" */ = {
			isa = XCConfigurationList;
			buildConfigurations = (
				452F84532FCE6CD800697B5E /* Debug */,
				452F84542FCE6CD800697B5E /* Release */,
			);
			defaultConfigurationIsVisible = 0;
			defaultConfigurationName = Release;
		};
		452F84552FCE6CD800697B5E /* Build configuration list for PBXNativeTarget "Vela" */ = {
			isa = XCConfigurationList;
			buildConfigurations = (
				452F84562FCE6CD800697B5E /* Debug */,
				452F84572FCE6CD800697B5E /* Release */,
			);
			defaultConfigurationIsVisible = 0;
			defaultConfigurationName = Release;
		};
		452F84582FCE6CD800697B5E /* Build configuration list for PBXNativeTarget "VelaTests" */ = {
			isa = XCConfigurationList;
			buildConfigurations = (
				452F84592FCE6CD800697B5E /* Debug */,
				452F845A2FCE6CD800697B5E /* Release */,
			);
			defaultConfigurationIsVisible = 0;
			defaultConfigurationName = Release;
		};
		452F845B2FCE6CD800697B5E /* Build configuration list for PBXNativeTarget "VelaUITests" */ = {
			isa = XCConfigurationList;
			buildConfigurations = (
				452F845C2FCE6CD800697B5E /* Debug */,
				452F845D2FCE6CD800697B5E /* Release */,
			);
			defaultConfigurationIsVisible = 0;
			defaultConfigurationName = Release;
		};
/* End XCConfigurationList section */
	};
	rootObject = 452F842B2FCE6CD700697B5E /* Project object */;
}
